// !$*UTF8*$!
{
	archiveVersion = 1;
	classes = {
	};
	objectVersion = 77;
	objects = {

/* Begin PBXBuildFile section */
		991C29132E0FA9DD00C8624B /* SidePanelButtonView.swift in Sources */ = {isa = PBXBuildFile; fileRef = 991C29122E0FA9DD00C8624B /* SidePanelButtonView.swift */; };
		992BEA062E1A234200DE5213 /* GameScene.swift in Sources */ = {isa = PBXBuildFile; fileRef = 992BEA052E1A234200DE5213 /* GameScene.swift */; };
		99B77F772E0C60AB003EA86F /* HomeScreenIconButtonView.swift in Sources */ = {isa = PBXBuildFile; fileRef = 99B77F762E0C60AB003EA86F /* HomeScreenIconButtonView.swift */; };
		99B77F7D2E0C6811003EA86F /* UserProfileView.swift in Sources */ = {isa = PBXBuildFile; fileRef = 99B77F7C2E0C6811003EA86F /* UserProfileView.swift */; };
		99EE574B2E191A150069A873 /* CardNode.swift in Sources */ = {isa = PBXBuildFile; fileRef = 99EE574A2E191A150069A873 /* CardNode.swift */; };
/* End PBXBuildFile section */

/* Begin PBXFileReference section */
		991C29122E0FA9DD00C8624B /* SidePanelButtonView.swift */ = {isa = PBXFileReference; lastKnownFileType = sourcecode.swift; path = SidePanelButtonView.swift; sourceTree = "<group>"; };
		992086F22E0B19BC00EDE3D4 /* SwiftUI-Callbreak.app */ = {isa = PBXFileReference; explicitFileType = wrapper.application; includeInIndex = 0; path = "SwiftUI-Callbreak.app"; sourceTree = BUILT_PRODUCTS_DIR; };
		992BEA052E1A234200DE5213 /* GameScene.swift */ = {isa = PBXFileReference; lastKnownFileType = sourcecode.swift; path = GameScene.swift; sourceTree = "<group>"; };
		99B77F762E0C60AB003EA86F /* HomeScreenIconButtonView.swift */ = {isa = PBXFileReference; lastKnownFileType = sourcecode.swift; path = HomeScreenIconButtonView.swift; sourceTree = "<group>"; };
		99B77F7C2E0C6811003EA86F /* UserProfileView.swift */ = {isa = PBXFileReference; lastKnownFileType = sourcecode.swift; path = UserProfileView.swift; sourceTree = "<group>"; };
		99EE574A2E191A150069A873 /* CardNode.swift */ = {isa = PBXFileReference; lastKnownFileType = sourcecode.swift; path = CardNode.swift; sourceTree = "<group>"; };
/* End PBXFileReference section */

/* Begin PBXFileSystemSynchronizedRootGroup section */
		991336AB2E33E16C0032425D /* EmptyScreen */ = {
			isa = PBXFileSystemSynchronizedRootGroup;
			path = EmptyScreen;
			sourceTree = "<group>";
		};
		991336AF2E362FB40032425D /* EarnGem */ = {
			isa = PBXFileSystemSynchronizedRootGroup;
			path = EarnGem;
			sourceTree = "<group>";
		};
		992086F42E0B19BC00EDE3D4 /* SwiftUI-Callbreak */ = {
			isa = PBXFileSystemSynchronizedRootGroup;
			path = "SwiftUI-Callbreak";
			sourceTree = "<group>";
		};
		992871082E228ABD008B78AC /* OtherGames */ = {
			isa = PBXFileSystemSynchronizedRootGroup;
			path = OtherGames;
			sourceTree = "<group>";
		};
		9928710C2E228D8B008B78AC /* Buttons */ = {
			isa = PBXFileSystemSynchronizedRootGroup;
			path = Buttons;
			sourceTree = "<group>";
		};
		992BE9E42E197FE500DE5213 /* InGameHUD */ = {
			isa = PBXFileSystemSynchronizedRootGroup;
			path = InGameHUD;
			sourceTree = "<group>";
		};
		9962EE9C2E12ECDA00FEEFE3 /* NewsSection */ = {
			isa = PBXFileSystemSynchronizedRootGroup;
			path = NewsSection;
			sourceTree = "<group>";
		};
		9962EE9D2E12ECE900FEEFE3 /* SidePanel */ = {
			isa = PBXFileSystemSynchronizedRootGroup;
			path = SidePanel;
			sourceTree = "<group>";
		};
		99EE57442E19115C0069A873 /* Model */ = {
			isa = PBXFileSystemSynchronizedRootGroup;
			path = Model;
			sourceTree = "<group>";
		};
		99EE574E2E1943630069A873 /* Utils */ = {
			isa = PBXFileSystemSynchronizedRootGroup;
			path = Utils;
			sourceTree = "<group>";
		};
/* End PBXFileSystemSynchronizedRootGroup section */

/* Begin PBXFrameworksBuildPhase section */
		992086EF2E0B19BC00EDE3D4 /* Frameworks */ = {
			isa = PBXFrameworksBuildPhase;
			buildActionMask = 2147483647;
			files = (
			);
			runOnlyForDeploymentPostprocessing = 0;
		};
/* End PBXFrameworksBuildPhase section */

/* Begin PBXGroup section */
		992086E92E0B19BC00EDE3D4 = {
			isa = PBXGroup;
			children = (
				99EE574E2E1943630069A873 /* Utils */,
				99EE57442E19115C0069A873 /* Model */,
				99B418482E111D7400657488 /* Screens */,
				99C60D5D2E0B1F290032CB46 /* Views */,
				992086F42E0B19BC00EDE3D4 /* SwiftUI-Callbreak */,
				992086F32E0B19BC00EDE3D4 /* Products */,
			);
			sourceTree = "<group>";
		};
		992086F32E0B19BC00EDE3D4 /* Products */ = {
			isa = PBXGroup;
			children = (
				992086F22E0B19BC00EDE3D4 /* SwiftUI-Callbreak.app */,
			);
			name = Products;
			sourceTree = "<group>";
		};
		99B418482E111D7400657488 /* Screens */ = {
			isa = PBXGroup;
			children = (
				991336AB2E33E16C0032425D /* EmptyScreen */,
				992871082E228ABD008B78AC /* OtherGames */,
				99EE57452E19194B0069A873 /* GameScene */,
				9962EE9D2E12ECE900FEEFE3 /* SidePanel */,
				9962EE9C2E12ECDA00FEEFE3 /* NewsSection */,
			);
			path = Screens;
			sourceTree = "<group>";
		};
		99B77F752E0C6089003EA86F /* HomeScreenIconButtonView */ = {
			isa = PBXGroup;
			children = (
				99B77F762E0C60AB003EA86F /* HomeScreenIconButtonView.swift */,
			);
			path = HomeScreenIconButtonView;
			sourceTree = "<group>";
		};
		99B77F7B2E0C67CE003EA86F /* UserProfile */ = {
			isa = PBXGroup;
			children = (
				99B77F7C2E0C6811003EA86F /* UserProfileView.swift */,
			);
			path = UserProfile;
			sourceTree = "<group>";
		};
		99C60D5D2E0B1F290032CB46 /* Views */ = {
			isa = PBXGroup;
			children = (
				991336AF2E362FB40032425D /* EarnGem */,
				9928710C2E228D8B008B78AC /* Buttons */,
				992BE9E42E197FE500DE5213 /* InGameHUD */,
				99B77F7B2E0C67CE003EA86F /* UserProfile */,
				99B77F752E0C6089003EA86F /* HomeScreenIconButtonView */,
				991C29122E0FA9DD00C8624B /* SidePanelButtonView.swift */,
				99EE574A2E191A150069A873 /* CardNode.swift */,
			);
			path = Views;
			sourceTree = "<group>";
		};
		99EE57452E19194B0069A873 /* GameScene */ = {
			isa = PBXGroup;
			children = (
				992BEA052E1A234200DE5213 /* GameScene.swift */,
			);
			path = GameScene;
			sourceTree = "<group>";
		};
/* End PBXGroup section */

/* Begin PBXNativeTarget section */
		992086F12E0B19BC00EDE3D4 /* SwiftUI-Callbreak */ = {
			isa = PBXNativeTarget;
			buildConfigurationList = 992086FD2E0B19BE00EDE3D4 /* Build configuration list for PBXNativeTarget "SwiftUI-Callbreak" */;
			buildPhases = (
				992086EE2E0B19BC00EDE3D4 /* Sources */,
				992086EF2E0B19BC00EDE3D4 /* Frameworks */,
				992086F02E0B19BC00EDE3D4 /* Resources */,
			);
			buildRules = (
			);
			dependencies = (
			);
			fileSystemSynchronizedGroups = (
				991336AB2E33E16C0032425D /* EmptyScreen */,
				991336AF2E362FB40032425D /* EarnGem */,
				992086F42E0B19BC00EDE3D4 /* SwiftUI-Callbreak */,
				992871082E228ABD008B78AC /* OtherGames */,
				9928710C2E228D8B008B78AC /* Buttons */,
				992BE9E42E197FE500DE5213 /* InGameHUD */,
				9962EE9C2E12ECDA00FEEFE3 /* NewsSection */,
				9962EE9D2E12ECE900FEEFE3 /* SidePanel */,
				99EE57442E19115C0069A873 /* Model */,
				99EE574E2E1943630069A873 /* Utils */,
			);
			name = "SwiftUI-Callbreak";
			packageProductDependencies = (
			);
			productName = "SwiftUI-Callbreak";
			productReference = 992086F22E0B19BC00EDE3D4 /* SwiftUI-Callbreak.app */;
			productType = "com.apple.product-type.application";
		};
/* End PBXNativeTarget section */

/* Begin PBXProject section */
		992086EA2E0B19BC00EDE3D4 /* Project object */ = {
			isa = PBXProject;
			attributes = {
				BuildIndependentTargetsInParallel = 1;
				LastSwiftUpdateCheck = 1630;
				LastUpgradeCheck = 1630;
				TargetAttributes = {
					992086F12E0B19BC00EDE3D4 = {
						CreatedOnToolsVersion = 16.3;
					};
				};
			};
			buildConfigurationList = 992086ED2E0B19BC00EDE3D4 /* Build configuration list for PBXProject "SwiftUI-Callbreak" */;
			developmentRegion = en;
			hasScannedForEncodings = 0;
			knownRegions = (
				en,
				Base,
			);
			mainGroup = 992086E92E0B19BC00EDE3D4;
			minimizedProjectReferenceProxies = 1;
			preferredProjectObjectVersion = 77;
			productRefGroup = 992086F32E0B19BC00EDE3D4 /* Products */;
			projectDirPath = "";
			projectRoot = "";
			targets = (
				992086F12E0B19BC00EDE3D4 /* SwiftUI-Callbreak */,
			);
		};
/* End PBXProject section */

/* Begin PBXResourcesBuildPhase section */
		992086F02E0B19BC00EDE3D4 /* Resources */ = {
			isa = PBXResourcesBuildPhase;
			buildActionMask = 2147483647;
			files = (
			);
			runOnlyForDeploymentPostprocessing = 0;
		};
/* End PBXResourcesBuildPhase section */

/* Begin PBXSourcesBuildPhase section */
		992086EE2E0B19BC00EDE3D4 /* Sources */ = {
			isa = PBXSourcesBuildPhase;
			buildActionMask = 2147483647;
			files = (
				991C29132E0FA9DD00C8624B /* SidePanelButtonView.swift in Sources */,
				992BEA062E1A234200DE5213 /* GameScene.swift in Sources */,
				99B77F7D2E0C6811003EA86F /* UserProfileView.swift in Sources */,
				99B77F772E0C60AB003EA86F /* HomeScreenIconButtonView.swift in Sources */,
				99EE574B2E191A150069A873 /* CardNode.swift in Sources */,
			);
			runOnlyForDeploymentPostprocessing = 0;
		};
/* End PBXSourcesBuildPhase section */

/* Begin XCBuildConfiguration section */
		992086FB2E0B19BE00EDE3D4 /* Debug */ = {
			isa = XCBuildConfiguration;
			buildSettings = {
				ALWAYS_SEARCH_USER_PATHS = NO;
				ASSETCATALOG_COMPILER_GENERATE_SWIFT_ASSET_SYMBOL_EXTENSIONS = YES;
				CLANG_ANALYZER_NONNULL = YES;
				CLANG_ANALYZER_NUMBER_OBJECT_CONVERSION = YES_AGGRESSIVE;
				CLANG_CXX_LANGUAGE_STANDARD = "gnu++20";
				CLANG_ENABLE_MODULES = YES;
				CLANG_ENABLE_OBJC_ARC = YES;
				CLANG_ENABLE_OBJC_WEAK = YES;
				CLANG_WARN_BLOCK_CAPTURE_AUTORELEASING = YES;
				CLANG_WARN_BOOL_CONVERSION = YES;
				CLANG_WARN_COMMA = YES;
				CLANG_WARN_CONSTANT_CONVERSION = YES;
				CLANG_WARN_DEPRECATED_OBJC_IMPLEMENTATIONS = YES;
				CLANG_WARN_DIRECT_OBJC_ISA_USAGE = YES_ERROR;
				CLANG_WARN_DOCUMENTATION_COMMENTS = YES;
				CLANG_WARN_EMPTY_BODY = YES;
				CLANG_WARN_ENUM_CONVERSION = YES;
				CLANG_WARN_INFINITE_RECURSION = YES;
				CLANG_WARN_INT_CONVERSION = YES;
				CLANG_WARN_NON_LITERAL_NULL_CONVERSION = YES;
				CLANG_WARN_OBJC_IMPLICIT_RETAIN_SELF = YES;
				CLANG_WARN_OBJC_LITERAL_CONVERSION = YES;
				CLANG_WARN_OBJC_ROOT_CLASS = YES_ERROR;
				CLANG_WARN_QUOTED_INCLUDE_IN_FRAMEWORK_HEADER = YES;
				CLANG_WARN_RANGE_LOOP_ANALYSIS = YES;
				CLANG_WARN_STRICT_PROTOTYPES = YES;
				CLANG_WARN_SUSPICIOUS_MOVE = YES;
				CLANG_WARN_UNGUARDED_AVAILABILITY = YES_AGGRESSIVE;
				CLANG_WARN_UNREACHABLE_CODE = YES;
				CLANG_WARN__DUPLICATE_METHOD_MATCH = YES;
				COPY_PHASE_STRIP = NO;
				DEBUG_INFORMATION_FORMAT = dwarf;
				DEVELOPMENT_TEAM = X5F6N9ECLU;
				ENABLE_STRICT_OBJC_MSGSEND = YES;
				ENABLE_TESTABILITY = YES;
				ENABLE_USER_SCRIPT_SANDBOXING = YES;
				GCC_C_LANGUAGE_STANDARD = gnu17;
				GCC_DYNAMIC_NO_PIC = NO;
				GCC_NO_COMMON_BLOCKS = YES;
				GCC_OPTIMIZATION_LEVEL = 0;
				GCC_PREPROCESSOR_DEFINITIONS = (
					"DEBUG=1",
					"$(inherited)",
				);
				GCC_WARN_64_TO_32_BIT_CONVERSION = YES;
				GCC_WARN_ABOUT_RETURN_TYPE = YES_ERROR;
				GCC_WARN_UNDECLARED_SELECTOR = YES;
				GCC_WARN_UNINITIALIZED_AUTOS = YES_AGGRESSIVE;
				GCC_WARN_UNUSED_FUNCTION = YES;
				GCC_WARN_UNUSED_VARIABLE = YES;
				IPHONEOS_DEPLOYMENT_TARGET = 18.4;
				LOCALIZATION_PREFERS_STRING_CATALOGS = YES;
				MTL_ENABLE_DEBUG_INFO = INCLUDE_SOURCE;
				MTL_FAST_MATH = YES;
				ONLY_ACTIVE_ARCH = YES;
				SDKROOT = iphoneos;
				SWIFT_ACTIVE_COMPILATION_CONDITIONS = "DEBUG $(inherited)";
				SWIFT_OPTIMIZATION_LEVEL = "-Onone";
			};
			name = Debug;
		};
		992086FC2E0B19BE00EDE3D4 /* Release */ = {
			isa = XCBuildConfiguration;
			buildSettings = {
				ALWAYS_SEARCH_USER_PATHS = NO;
				ASSETCATALOG_COMPILER_GENERATE_SWIFT_ASSET_SYMBOL_EXTENSIONS = YES;
				CLANG_ANALYZER_NONNULL = YES;
				CLANG_ANALYZER_NUMBER_OBJECT_CONVERSION = YES_AGGRESSIVE;
				CLANG_CXX_LANGUAGE_STANDARD = "gnu++20";
				CLANG_ENABLE_MODULES = YES;
				CLANG_ENABLE_OBJC_ARC = YES;
				CLANG_ENABLE_OBJC_WEAK = YES;
				CLANG_WARN_BLOCK_CAPTURE_AUTORELEASING = YES;
				CLANG_WARN_BOOL_CONVERSION = YES;
				CLANG_WARN_COMMA = YES;
				CLANG_WARN_CONSTANT_CONVERSION = YES;
				CLANG_WARN_DEPRECATED_OBJC_IMPLEMENTATIONS = YES;
				CLANG_WARN_DIRECT_OBJC_ISA_USAGE = YES_ERROR;
				CLANG_WARN_DOCUMENTATION_COMMENTS = YES;
				CLANG_WARN_EMPTY_BODY = YES;
				CLANG_WARN_ENUM_CONVERSION = YES;
				CLANG_WARN_INFINITE_RECURSION = YES;
				CLANG_WARN_INT_CONVERSION = YES;
				CLANG_WARN_NON_LITERAL_NULL_CONVERSION = YES;
				CLANG_WARN_OBJC_IMPLICIT_RETAIN_SELF = YES;
				CLANG_WARN_OBJC_LITERAL_CONVERSION = YES;
				CLANG_WARN_OBJC_ROOT_CLASS = YES_ERROR;
				CLANG_WARN_QUOTED_INCLUDE_IN_FRAMEWORK_HEADER = YES;
				CLANG_WARN_RANGE_LOOP_ANALYSIS = YES;
				CLANG_WARN_STRICT_PROTOTYPES = YES;
				CLANG_WARN_SUSPICIOUS_MOVE = YES;
				CLANG_WARN_UNGUARDED_AVAILABILITY = YES_AGGRESSIVE;
				CLANG_WARN_UNREACHABLE_CODE = YES;
				CLANG_WARN__DUPLICATE_METHOD_MATCH = YES;
				COPY_PHASE_STRIP = NO;
				DEBUG_INFORMATION_FORMAT = "dwarf-with-dsym";
				DEVELOPMENT_TEAM = X5F6N9ECLU;
				ENABLE_NS_ASSERTIONS = NO;
				ENABLE_STRICT_OBJC_MSGSEND = YES;
				ENABLE_USER_SCRIPT_SANDBOXING = YES;
				GCC_C_LANGUAGE_STANDARD = gnu17;
				GCC_NO_COMMON_BLOCKS = YES;
				GCC_WARN_64_TO_32_BIT_CONVERSION = YES;
				GCC_WARN_ABOUT_RETURN_TYPE = YES_ERROR;
				GCC_WARN_UNDECLARED_SELECTOR = YES;
				GCC_WARN_UNINITIALIZED_AUTOS = YES_AGGRESSIVE;
				GCC_WARN_UNUSED_FUNCTION = YES;
				GCC_WARN_UNUSED_VARIABLE = YES;
				IPHONEOS_DEPLOYMENT_TARGET = 18.4;
				LOCALIZATION_PREFERS_STRING_CATALOGS = YES;
				MTL_ENABLE_DEBUG_INFO = NO;
				MTL_FAST_MATH = YES;
				SDKROOT = iphoneos;
				SWIFT_COMPILATION_MODE = wholemodule;
				VALIDATE_PRODUCT = YES;
			};
			name = Release;
		};
		992086FE2E0B19BE00EDE3D4 /* Debug */ = {
			isa = XCBuildConfiguration;
			buildSettings = {
				ASSETCATALOG_COMPILER_APPICON_NAME = AppIcon;
				ASSETCATALOG_COMPILER_GLOBAL_ACCENT_COLOR_NAME = AccentColor;
				CODE_SIGN_STYLE = Automatic;
				CURRENT_PROJECT_VERSION = 1;
				DEVELOPMENT_TEAM = X5F6N9ECLU;
				ENABLE_PREVIEWS = YES;
				GENERATE_INFOPLIST_FILE = YES;
				INFOPLIST_KEY_UIApplicationSceneManifest_Generation = YES;
				INFOPLIST_KEY_UIApplicationSupportsIndirectInputEvents = YES;
				INFOPLIST_KEY_UILaunchScreen_Generation = YES;
				INFOPLIST_KEY_UISupportedInterfaceOrientations = "UIInterfaceOrientationLandscapeLeft UIInterfaceOrientationLandscapeRight";
				LD_RUNPATH_SEARCH_PATHS = (
					"$(inherited)",
					"@executable_path/Frameworks",
				);
				MARKETING_VERSION = 1.0;
				PRODUCT_BUNDLE_IDENTIFIER = "Teslatech.SwiftUI-Callbreak";
				PRODUCT_NAME = "$(TARGET_NAME)";
				SWIFT_EMIT_LOC_STRINGS = YES;
				SWIFT_VERSION = 5.0;
				TARGETED_DEVICE_FAMILY = "1,2";
			};
			name = Debug;
		};
		992086FF2E0B19BE00EDE3D4 /* Release */ = {
			isa = XCBuildConfiguration;
			buildSettings = {
				ASSETCATALOG_COMPILER_APPICON_NAME = AppIcon;
				ASSETCATALOG_COMPILER_GLOBAL_ACCENT_COLOR_NAME = AccentColor;
				CODE_SIGN_STYLE = Automatic;
				CURRENT_PROJECT_VERSION = 1;
				DEVELOPMENT_TEAM = X5F6N9ECLU;
				ENABLE_PREVIEWS = YES;
				GENERATE_INFOPLIST_FILE = YES;
				INFOPLIST_KEY_UIApplicationSceneManifest_Generation = YES;
				INFOPLIST_KEY_UIApplicationSupportsIndirectInputEvents = YES;
				INFOPLIST_KEY_UILaunchScreen_Generation = YES;
				INFOPLIST_KEY_UISupportedInterfaceOrientations = "UIInterfaceOrientationLandscapeLeft UIInterfaceOrientationLandscapeRight";
				LD_RUNPATH_SEARCH_PATHS = (
					"$(inherited)",
					"@executable_path/Frameworks",
				);
				MARKETING_VERSION = 1.0;
				PRODUCT_BUNDLE_IDENTIFIER = "Teslatech.SwiftUI-Callbreak";
				PRODUCT_NAME = "$(TARGET_NAME)";
				SWIFT_EMIT_LOC_STRINGS = YES;
				SWIFT_VERSION = 5.0;
				TARGETED_DEVICE_FAMILY = "1,2";
			};
			name = Release;
		};
/* End XCBuildConfiguration section */

/* Begin XCConfigurationList section */
		992086ED2E0B19BC00EDE3D4 /* Build configuration list for PBXProject "SwiftUI-Callbreak" */ = {
			isa = XCConfigurationList;
			buildConfigurations = (
				992086FB2E0B19BE00EDE3D4 /* Debug */,
				992086FC2E0B19BE00EDE3D4 /* Release */,
			);
			defaultConfigurationIsVisible = 0;
			defaultConfigurationName = Release;
		};
		992086FD2E0B19BE00EDE3D4 /* Build configuration list for PBXNativeTarget "SwiftUI-Callbreak" */ = {
			isa = XCConfigurationList;
			buildConfigurations = (
				992086FE2E0B19BE00EDE3D4 /* Debug */,
				992086FF2E0B19BE00EDE3D4 /* Release */,
			);
			defaultConfigurationIsVisible = 0;
			defaultConfigurationName = Release;
		};
/* End XCConfigurationList section */
	};
	rootObject = 992086EA2E0B19BC00EDE3D4 /* Project object */;
}
